
Microsoft Visual Studio Solution File, Format Version 12.00
# Visual Studio Version 17
VisualStudioVersion = 17.7.34221.43
MinimumVisualStudioVersion = 10.0.40219.1
Project("{9A19103F-16F7-4668-BE54-9A1E7A4F7556}") = "UILibrary", "UILibrary\UILibrary.csproj", "{72B14254-BC44-42ED-B176-50CE1CC60659}"
EndProject
Global
	GlobalSection(SolutionConfigurationPlatforms) = preSolution
		Debug|Any CPU = Debug|Any CPU
		Release|Any CPU = Release|Any CPU
	EndGlobalSection
	GlobalSection(ProjectConfigurationPlatforms) = postSolution
		{72B14254-BC44-42ED-B176-50CE1CC60659}.Debug|Any CPU.ActiveCfg = Debug|Any CPU
		{72B14254-BC44-42ED-B176-50CE1CC60659}.Debug|Any CPU.Build.0 = Debug|Any CPU
		{72B14254-BC44-42ED-B176-50CE1CC60659}.Release|Any CPU.ActiveCfg = Release|Any CPU
		{72B14254-BC44-42ED-B176-50CE1CC60659}.Release|Any CPU.Build.0 = Release|Any CPU
	EndGlobalSection
	GlobalSection(SolutionProperties) = preSolution
		HideSolutionNode = FALSE
	EndGlobalSection
	GlobalSection(ExtensibilityGlobals) = postSolution
		SolutionGuid = {577040A2-94C8-4AAE-A548-AAC8057DEDF4}
	EndGlobalSection
EndGlobal
